
Microsoft Visual Studio Solution File, Format Version 12.00
Project("{FAE04EC0-301F-11D3-BF4B-00C04F79EFBC}") = "GameTimer", "..\NetProject\GameTimer.csproj", "{9A6CA7D9-D6F9-4135-A2F2-3EEDAED46DD1}"
EndProject
Project("{FAE04EC0-301F-11D3-BF4B-00C04F79EFBC}") = "UnitTest", "..\UnitTest\UnitTest.csproj", "{F40ECC5D-3EEA-4960-8802-B2F8CFC7373C}"
EndProject
Global
	GlobalSection(SolutionConfigurationPlatforms) = preSolution
		Debug|Any CPU = Debug|Any CPU
		Release|Any CPU = Release|Any CPU
	EndGlobalSection
	GlobalSection(ProjectConfigurationPlatforms) = postSolution
		{9A6CA7D9-D6F9-4135-A2F2-3EEDAED46DD1}.Debug|Any CPU.ActiveCfg = Debug|Any CPU
		{9A6CA7D9-D6F9-4135-A2F2-3EEDAED46DD1}.Debug|Any CPU.Build.0 = Debug|Any CPU
		{9A6CA7D9-D6F9-4135-A2F2-3EEDAED46DD1}.Release|Any CPU.ActiveCfg = Release|Any CPU
		{9A6CA7D9-D6F9-4135-A2F2-3EEDAED46DD1}.Release|Any CPU.Build.0 = Release|Any CPU
		{F40ECC5D-3EEA-4960-8802-B2F8CFC7373C}.Debug|Any CPU.ActiveCfg = Debug|Any CPU
		{F40ECC5D-3EEA-4960-8802-B2F8CFC7373C}.Debug|Any CPU.Build.0 = Debug|Any CPU
		{F40ECC5D-3EEA-4960-8802-B2F8CFC7373C}.Release|Any CPU.ActiveCfg = Release|Any CPU
		{F40ECC5D-3EEA-4960-8802-B2F8CFC7373C}.Release|Any CPU.Build.0 = Release|Any CPU
	EndGlobalSection
EndGlobal
